
Microsoft Visual Studio Solution File, Format Version 12.00
# Visual Studio Version 16
VisualStudioVersion = 16.0.36324.18
MinimumVisualStudioVersion = 10.0.40219.1
Project("{FAE04EC0-301F-11D3-BF4B-00C04F79EFBC}") = "YungChingWeb", "YungChingWeb\YungChingWeb.csproj", "{9F79BDEB-FD8B-4CCA-A594-68B778C3EF15}"
EndProject
Global
	GlobalSection(SolutionConfigurationPlatforms) = preSolution
		Debug|Any CPU = Debug|Any CPU
		Release|Any CPU = Release|Any CPU
	EndGlobalSection
	GlobalSection(ProjectConfigurationPlatforms) = postSolution
		{9F79BDEB-FD8B-4CCA-A594-68B778C3EF15}.Debug|Any CPU.ActiveCfg = Debug|Any CPU
		{9F79BDEB-FD8B-4CCA-A594-68B778C3EF15}.Debug|Any CPU.Build.0 = Debug|Any CPU
		{9F79BDEB-FD8B-4CCA-A594-68B778C3EF15}.Release|Any CPU.ActiveCfg = Release|Any CPU
		{9F79BDEB-FD8B-4CCA-A594-68B778C3EF15}.Release|Any CPU.Build.0 = Release|Any CPU
	EndGlobalSection
	GlobalSection(SolutionProperties) = preSolution
		HideSolutionNode = FALSE
	EndGlobalSection
	GlobalSection(ExtensibilityGlobals) = postSolution
		SolutionGuid = {024E832F-4138-4F8A-B60D-6C603436ECF0}
	EndGlobalSection
EndGlobal
